
Microsoft Visual Studio Solution File, Format Version 12.00
# Visual Studio 15
VisualStudioVersion = 15.0.28307.852
MinimumVisualStudioVersion = 10.0.40219.1
Project("{FAE04EC0-301F-11D3-BF4B-00C04F79EFBC}") = "SelfTraining", "SelfTraining\SelfTraining.csproj", "{0EB93D9D-0AFC-4EA1-98B1-B6169E56F70F}"
EndProject
Project("{FAE04EC0-301F-11D3-BF4B-00C04F79EFBC}") = "Func", "Func\Func.csproj", "{85D640AD-6F04-4A68-A01A-60456993554A}"
EndProject
Global
	GlobalSection(SolutionConfigurationPlatforms) = preSolution
		Debug|Any CPU = Debug|Any CPU
		Release|Any CPU = Release|Any CPU
	EndGlobalSection
	GlobalSection(ProjectConfigurationPlatforms) = postSolution
		{0EB93D9D-0AFC-4EA1-98B1-B6169E56F70F}.Debug|Any CPU.ActiveCfg = Debug|Any CPU
		{0EB93D9D-0AFC-4EA1-98B1-B6169E56F70F}.Debug|Any CPU.Build.0 = Debug|Any CPU
		{0EB93D9D-0AFC-4EA1-98B1-B6169E56F70F}.Release|Any CPU.ActiveCfg = Release|Any CPU
		{0EB93D9D-0AFC-4EA1-98B1-B6169E56F70F}.Release|Any CPU.Build.0 = Release|Any CPU
		{85D640AD-6F04-4A68-A01A-60456993554A}.Debug|Any CPU.ActiveCfg = Debug|Any CPU
		{85D640AD-6F04-4A68-A01A-60456993554A}.Debug|Any CPU.Build.0 = Debug|Any CPU
		{85D640AD-6F04-4A68-A01A-60456993554A}.Release|Any CPU.ActiveCfg = Release|Any CPU
		{85D640AD-6F04-4A68-A01A-60456993554A}.Release|Any CPU.Build.0 = Release|Any CPU
	EndGlobalSection
	GlobalSection(SolutionProperties) = preSolution
		HideSolutionNode = FALSE
	EndGlobalSection
	GlobalSection(ExtensibilityGlobals) = postSolution
		SolutionGuid = {73874785-4174-4862-8609-CC18C52F0F46}
	EndGlobalSection
EndGlobal
